
Microsoft Visual Studio Solution File, Format Version 12.00
# Visual Studio 2015
Project("{FAE04EC0-301F-11D3-BF4B-00C04F79EFBC}") = "GiantTextures.Plugins", "GiantTextures.Plugins.csproj", "{CFB3B87F-C75C-042C-6534-CFC2045C6E30}"
EndProject
Project("{FAE04EC0-301F-11D3-BF4B-00C04F79EFBC}") = "GiantTextures", "GiantTextures.csproj", "{6C55269B-0664-5363-8911-064AEC9766FA}"
EndProject
Project("{FAE04EC0-301F-11D3-BF4B-00C04F79EFBC}") = "GiantTextures.Editor.Plugins", "GiantTextures.Editor.Plugins.csproj", "{AB87F16B-7156-FC63-C504-52E2C023D73F}"
EndProject
Global
	GlobalSection(SolutionConfigurationPlatforms) = preSolution
		Debug|Any CPU = Debug|Any CPU
		Release|Any CPU = Release|Any CPU
	EndGlobalSection
	GlobalSection(ProjectConfigurationPlatforms) = postSolution
		{CFB3B87F-C75C-042C-6534-CFC2045C6E30}.Debug|Any CPU.ActiveCfg = Debug|Any CPU
		{CFB3B87F-C75C-042C-6534-CFC2045C6E30}.Debug|Any CPU.Build.0 = Debug|Any CPU
		{CFB3B87F-C75C-042C-6534-CFC2045C6E30}.Release|Any CPU.ActiveCfg = Release|Any CPU
		{CFB3B87F-C75C-042C-6534-CFC2045C6E30}.Release|Any CPU.Build.0 = Release|Any CPU
		{6C55269B-0664-5363-8911-064AEC9766FA}.Debug|Any CPU.ActiveCfg = Debug|Any CPU
		{6C55269B-0664-5363-8911-064AEC9766FA}.Debug|Any CPU.Build.0 = Debug|Any CPU
		{6C55269B-0664-5363-8911-064AEC9766FA}.Release|Any CPU.ActiveCfg = Release|Any CPU
		{6C55269B-0664-5363-8911-064AEC9766FA}.Release|Any CPU.Build.0 = Release|Any CPU
		{AB87F16B-7156-FC63-C504-52E2C023D73F}.Debug|Any CPU.ActiveCfg = Debug|Any CPU
		{AB87F16B-7156-FC63-C504-52E2C023D73F}.Debug|Any CPU.Build.0 = Debug|Any CPU
		{AB87F16B-7156-FC63-C504-52E2C023D73F}.Release|Any CPU.ActiveCfg = Release|Any CPU
		{AB87F16B-7156-FC63-C504-52E2C023D73F}.Release|Any CPU.Build.0 = Release|Any CPU
	EndGlobalSection
	GlobalSection(SolutionProperties) = preSolution
		HideSolutionNode = FALSE
	EndGlobalSection
EndGlobal
